# RERG source-parser runtime; resolved 2026-09-04 for CPython 3.12 x86_64 Linux.
# Install only from the approved external wheelhouse with --no-index --require-hashes.
tree-sitter==0.26.0 \
    --hash=sha256:5a6b333b0282d8bb0af741f9b018bd2523d4eecb2686bf6717066a625fecfaa4
tree-sitter-javascript==0.25.0 \
    --hash=sha256:9dc04ba91fc8583344e57c1f1ed5b2c97ecaaf47480011b92fbeab8dda96db75
tree-sitter-typescript==0.23.2 \
    --hash=sha256:e96d36b85bcacdeb8ff5c2618d75593ef12ebaf1b4eace3477e2bdb2abb1752c
